// !$*UTF8*$!
{
	archiveVersion = 1;
	classes = {
	};
	objectVersion = 46;
	objects = {
/* Begin PBXBuildFile section */
		0207DA581B56EA530066E2B4 /* Images.xcassets in Resources */ = {isa = PBXBuildFile; fileRef = 0207DA571B56EA530066E2B4 /* Images.xcassets */; };
		1D3623260D0F684500981E51 /* AppDelegate.m in Sources */ = {isa = PBXBuildFile; fileRef = 1D3623250D0F684500981E51 /* AppDelegate.m */; };
		1D60589B0D05DD56006BFB54 /* main.m in Sources */ = {isa = PBXBuildFile; fileRef = 29B97316FDCFA39411CA2CEA /* main.m */; };
		301BF552109A68D80062928A /* libCordova.a in Frameworks */ = {isa = PBXBuildFile; fileRef = 301BF535109A57CC0062928A /* libCordova.a */; settings = {ATTRIBUTES = (Required, ); }; };
		302D95F114D2391D003F00A1 /* MainViewController.m in Sources */ = {isa = PBXBuildFile; fileRef = 302D95EF14D2391D003F00A1 /* MainViewController.m */; };
		302D95F214D2391D003F00A1 /* MainViewController.xib in Resources */ = {isa = PBXBuildFile; fileRef = 302D95F014D2391D003F00A1 /* MainViewController.xib */; };
		6AFF5BF91D6E424B00AB3073 /* CDVLaunchScreen.storyboard in Resources */ = {isa = PBXBuildFile; fileRef = 6AFF5BF81D6E424B00AB3073 /* CDVLaunchScreen.storyboard */; };
		891C50DBC13D424E9E6F2917 /* UIImage+CropScaleOrientation.m in Sources */ = {isa = PBXBuildFile; fileRef = 17C46E6FF8A24E2D94E2C489 /* UIImage+CropScaleOrientation.m */; };
		1C9FE2C619D1475FB3A9C58C /* CDVCamera.m in Sources */ = {isa = PBXBuildFile; fileRef = 9CF0A16A460A44D991B6E536 /* CDVCamera.m */; };
		C25FF31655794AAA96E612EC /* CDVJpegHeaderWriter.m in Sources */ = {isa = PBXBuildFile; fileRef = E2964F0F73F046FBB3E4CA3E /* CDVJpegHeaderWriter.m */; };
		33EF204ACC254F0DAB3C0EC4 /* ImageIO.framework in Frameworks */ = {isa = PBXBuildFile; fileRef = 6A1CDB03357E426D96715704 /* ImageIO.framework */; settings = {ATTRIBUTES = (Weak, ); }; };
		E0A975471BA54C3E804DC54C /* CoreLocation.framework in Frameworks */ = {isa = PBXBuildFile; fileRef = 9D971C43422B476AAF106A40 /* CoreLocation.framework */; };
		E49470408B4F4D0DBB495864 /* AVFoundation.framework in Frameworks */ = {isa = PBXBuildFile; fileRef = 0B96089529EE468AB0B6FDC0 /* AVFoundation.framework */; };
		1075E40206514380B0844101 /* CDVContacts.m in Sources */ = {isa = PBXBuildFile; fileRef = 8D5CB6637CDE43D3942F8964 /* CDVContacts.m */; };
		4ACAA7FED073489CBD067713 /* CDVContact.m in Sources */ = {isa = PBXBuildFile; fileRef = C76F3EA1F2174100856327A8 /* CDVContact.m */; };
		C9BF58D3B3F8444FBF1A601D /* AddressBook.framework in Frameworks */ = {isa = PBXBuildFile; fileRef = E8DA602A812144CFB9D1F799 /* AddressBook.framework */; settings = {ATTRIBUTES = (Weak, ); }; };
		A6F06C184137482B9E8076C9 /* AddressBookUI.framework in Frameworks */ = {isa = PBXBuildFile; fileRef = BF0B1278E7B448449EEF5F26 /* AddressBookUI.framework */; settings = {ATTRIBUTES = (Weak, ); }; };
		78083D7B1DCD49A9A5A2BC22 /* CDVDevice.m in Sources */ = {isa = PBXBuildFile; fileRef = 1D7C0CB26EE846689D64F9A6 /* CDVDevice.m */; };
		0DE1BBF651B54C539791D2C7 /* CDVNotification.m in Sources */ = {isa = PBXBuildFile; fileRef = 8234597FB7D54C1DA7A45C53 /* CDVNotification.m */; };
		660E16937FC24C4FA5D50D4B /* CDVNotification.bundle in Resources */ = {isa = PBXBuildFile; fileRef = 3C373978CCEE4EA0846DBB2A /* CDVNotification.bundle */; };
		55347ADF74554BB5986D1C68 /* AudioToolbox.framework in Frameworks */ = {isa = PBXBuildFile; fileRef = 37316715885D478897EE9D8C /* AudioToolbox.framework */; settings = {ATTRIBUTES = (Weak, ); }; };
		9BC75BA5AA344888A018E218 /* CDVFile.m in Sources */ = {isa = PBXBuildFile; fileRef = 44265BF423A14AB1A4FAFDA8 /* CDVFile.m */; };
		894FE53B81C6450D9BF23077 /* CDVLocalFilesystem.m in Sources */ = {isa = PBXBuildFile; fileRef = 7DC30999050042FAA3643557 /* CDVLocalFilesystem.m */; };
		7ACC06436D764BB781E195CF /* CDVAssetLibraryFilesystem.m in Sources */ = {isa = PBXBuildFile; fileRef = 704EE52F674041C894A8D657 /* CDVAssetLibraryFilesystem.m */; };
		E2B8AA5CE6E24ADFA9AA70BD /* CDVFileTransfer.m in Sources */ = {isa = PBXBuildFile; fileRef = 4706818BC6F5431A98D34DEA /* CDVFileTransfer.m */; };
		E75C6D2638904D3990F16566 /* AppDelegate+FirebasePlugin.m in Sources */ = {isa = PBXBuildFile; fileRef = A29236E875B643DCB1170576 /* AppDelegate+FirebasePlugin.m */; };
		7F198FE18A2547FFAA17AA29 /* FirebasePlugin.m in Sources */ = {isa = PBXBuildFile; fileRef = 3FA5CF02934B4E63A6DEF99D /* FirebasePlugin.m */; };
		688167424C0146C3992E5156 /* GoogleService-Info.plist in Resources */ = {isa = PBXBuildFile; fileRef = 89182376D7E248AEBE4EB208 /* GoogleService-Info.plist */; };
		595FE7DF7DA243038AEB090B /* Crashlytics.framework in Frameworks */ = {isa = PBXBuildFile; fileRef = 963E48E4F478431CBF93AA0B /* Crashlytics.framework */; };
		19A43A4F12144622A15D0C41 /* Fabric.framework in Frameworks */ = {isa = PBXBuildFile; fileRef = BF15361F9D8D4DE0A83135F6 /* Fabric.framework */; };
		2D617BCB6C2B481299CCE9BD /* GoogleAppMeasurement.framework in Frameworks */ = {isa = PBXBuildFile; fileRef = 9C73AF29B1F14B1983D183F2 /* GoogleAppMeasurement.framework */; };
		4D881035BEBA43A1ADC9E7BC /* MeasurementNanoPB.framework in Frameworks */ = {isa = PBXBuildFile; fileRef = AFE923187D0C48A29B3B1D95 /* MeasurementNanoPB.framework */; };
		AFE052A560CA4AD687E6C131 /* FirebaseCore.framework in Frameworks */ = {isa = PBXBuildFile; fileRef = A65DA2E305434582B81379D1 /* FirebaseCore.framework */; };
		C27BEB86BF2442B48BA4579D /* FirebaseAnalytics.framework in Frameworks */ = {isa = PBXBuildFile; fileRef = F5BF34A43F7943BAAFD998E5 /* FirebaseAnalytics.framework */; };
		DE658636060A4615A83E6F02 /* GoogleUtilities.framework in Frameworks */ = {isa = PBXBuildFile; fileRef = 215ABCE307E642AB953954FC /* GoogleUtilities.framework */; };
		46CBEBC1DF584199B2D63D28 /* nanopb.framework in Frameworks */ = {isa = PBXBuildFile; fileRef = D789B304172D4376A450842A /* nanopb.framework */; };
		5DDB891EEB8C4D41839B7063 /* FirebaseInstanceID.framework in Frameworks */ = {isa = PBXBuildFile; fileRef = 1467CE0943954F0AA0537CF5 /* FirebaseInstanceID.framework */; };
		6C0B53A0BA694E96936B722A /* FirebaseCoreDiagnostics.framework in Frameworks */ = {isa = PBXBuildFile; fileRef = 5C57DD8352B24AE0BAC01CB6 /* FirebaseCoreDiagnostics.framework */; };
		E6AAD8ABF0D0411FB9AFE59D /* GTMSessionFetcher.framework in Frameworks */ = {isa = PBXBuildFile; fileRef = 2EE775FA246743E0865DBF15 /* GTMSessionFetcher.framework */; };
		BFB376FFFBF844A79E58AA9E /* FirebaseAuth.framework in Frameworks */ = {isa = PBXBuildFile; fileRef = 92B6BA021DAB48C1B4FF5BA5 /* FirebaseAuth.framework */; };
		AC272769AA2544A18734C636 /* FirebaseMessaging.framework in Frameworks */ = {isa = PBXBuildFile; fileRef = 569D7BF2B5FC4A359CCBC26F /* FirebaseMessaging.framework */; };
		297151C90D7D44A7A40C5065 /* GoogleToolboxForMac.framework in Frameworks */ = {isa = PBXBuildFile; fileRef = 348B6FB47B0E4141A859A475 /* GoogleToolboxForMac.framework */; };
		DCB83BB050CE4E528937FE12 /* FirebasePerformance.framework in Frameworks */ = {isa = PBXBuildFile; fileRef = 3ACA628105AD4997847E9E79 /* FirebasePerformance.framework */; };
		09F32CCDE69E42D59424F999 /* Protobuf.framework in Frameworks */ = {isa = PBXBuildFile; fileRef = 1ECDA9EB8AF449CC84EC44ED /* Protobuf.framework */; };
		81E952222EF9492694FFD402 /* FirebaseRemoteConfig.framework in Frameworks */ = {isa = PBXBuildFile; fileRef = CCB3E637FCF24D46878C90F7 /* FirebaseRemoteConfig.framework */; };
		478BECCA847C4C3F9B225637 /* FirebaseABTesting.framework in Frameworks */ = {isa = PBXBuildFile; fileRef = 2270CF5D68F24BDFB8456C49 /* FirebaseABTesting.framework */; };
/* End PBXBuildFile section */

/* Begin PBXContainerItemProxy section */
		301BF534109A57CC0062928A /* PBXContainerItemProxy */ = {
			isa = PBXContainerItemProxy;
			containerPortal = 301BF52D109A57CC0062928A /* CordovaLib.xcodeproj */;
			proxyType = 2;
			remoteGlobalIDString = D2AAC07E0554694100DB518D;
			remoteInfo = CordovaLib;
		};
		301BF550109A68C00062928A /* PBXContainerItemProxy */ = {
			isa = PBXContainerItemProxy;
			containerPortal = 301BF52D109A57CC0062928A /* CordovaLib.xcodeproj */;
			proxyType = 1;
			remoteGlobalIDString = D2AAC07D0554694100DB518D;
			remoteInfo = CordovaLib;
		};
		907D8123214C687600058A10 /* PBXContainerItemProxy */ = {
			isa = PBXContainerItemProxy;
			containerPortal = 301BF52D109A57CC0062928A /* CordovaLib.xcodeproj */;
			proxyType = 2;
			remoteGlobalIDString = C0C01EB21E3911D50056E6CB;
			remoteInfo = Cordova;
		};
/* End PBXContainerItemProxy section */

/* Begin PBXFileReference section */
		0207DA571B56EA530066E2B4 /* Images.xcassets */ = {isa = PBXFileReference; lastKnownFileType = folder.assetcatalog; name = Images.xcassets; path = "wohApp/Images.xcassets"; sourceTree = SOURCE_ROOT; };
		1D3623240D0F684500981E51 /* AppDelegate.h */ = {isa = PBXFileReference; fileEncoding = 4; lastKnownFileType = sourcecode.c.h; path = AppDelegate.h; sourceTree = "<group>"; };
		1D3623250D0F684500981E51 /* AppDelegate.m */ = {isa = PBXFileReference; fileEncoding = 4; lastKnownFileType = sourcecode.c.objc; path = AppDelegate.m; sourceTree = "<group>"; };
		1D6058910D05DD3D006BFB54 /* wohApp.app */ = {isa = PBXFileReference; explicitFileType = wrapper.application; includeInIndex = 0; path = "wohApp.app"; sourceTree = BUILT_PRODUCTS_DIR; };
		29B97316FDCFA39411CA2CEA /* main.m */ = {isa = PBXFileReference; fileEncoding = 4; lastKnownFileType = sourcecode.c.objc; path = main.m; sourceTree = "<group>"; };
		301BF52D109A57CC0062928A /* CordovaLib.xcodeproj */ = {isa = PBXFileReference; lastKnownFileType = "wrapper.pb-project"; path = CordovaLib/CordovaLib.xcodeproj; sourceTree = "<group>"; };
		301BF56E109A69640062928A /* www */ = {isa = PBXFileReference; lastKnownFileType = folder; path = www; sourceTree = SOURCE_ROOT; };
		302D95EE14D2391D003F00A1 /* MainViewController.h */ = {isa = PBXFileReference; fileEncoding = 4; lastKnownFileType = sourcecode.c.h; path = MainViewController.h; sourceTree = "<group>"; };
		302D95EF14D2391D003F00A1 /* MainViewController.m */ = {isa = PBXFileReference; fileEncoding = 4; lastKnownFileType = sourcecode.c.objc; path = MainViewController.m; sourceTree = "<group>"; };
		302D95F014D2391D003F00A1 /* MainViewController.xib */ = {isa = PBXFileReference; fileEncoding = 4; lastKnownFileType = file.xib; path = MainViewController.xib; sourceTree = "<group>"; };
		3047A50F1AB8059700498E2A /* build-debug.xcconfig */ = {isa = PBXFileReference; fileEncoding = 4; lastKnownFileType = text.xcconfig; name = "build-debug.xcconfig"; path = "cordova/build-debug.xcconfig"; sourceTree = SOURCE_ROOT; };
		3047A5101AB8059700498E2A /* build-release.xcconfig */ = {isa = PBXFileReference; fileEncoding = 4; lastKnownFileType = text.xcconfig; name = "build-release.xcconfig"; path = "cordova/build-release.xcconfig"; sourceTree = SOURCE_ROOT; };
		3047A5111AB8059700498E2A /* build.xcconfig */ = {isa = PBXFileReference; fileEncoding = 4; lastKnownFileType = text.xcconfig; name = build.xcconfig; path = cordova/build.xcconfig; sourceTree = SOURCE_ROOT; };
		32CA4F630368D1EE00C91783 /* wohApp-Prefix.pch */ = {isa = PBXFileReference; fileEncoding = 4; lastKnownFileType = sourcecode.c.h; path = "wohApp-Prefix.pch"; sourceTree = "<group>"; };
		6AFF5BF81D6E424B00AB3073 /* CDVLaunchScreen.storyboard */ = {isa = PBXFileReference; fileEncoding = 4; lastKnownFileType = file.storyboard; name = CDVLaunchScreen.storyboard; path = "wohApp/CDVLaunchScreen.storyboard"; sourceTree = SOURCE_ROOT; };
		8D1107310486CEB800E47090 /* wohApp-Info.plist */ = {isa = PBXFileReference; fileEncoding = 4; lastKnownFileType = text.plist.xml; name = "wohApp-Info.plist"; path = "wohApp/wohApp-Info.plist"; plistStructureDefinitionIdentifier = "com.apple.xcode.plist.structure-definition.iphone.info-plist"; sourceTree = SOURCE_ROOT; };
		EB87FDF31871DA8E0020F90C /* www */ = {isa = PBXFileReference; lastKnownFileType = folder; name = www; path = ../../www; sourceTree = "<group>"; };
		EB87FDF41871DAF40020F90C /* config.xml */ = {isa = PBXFileReference; lastKnownFileType = text.xml; name = config.xml; path = ../../config.xml; sourceTree = "<group>"; };
		ED33DF2A687741AEAF9F8254 /* Bridging-Header.h */ = {isa = PBXFileReference; fileEncoding = 4; lastKnownFileType = sourcecode.c.h; name = "Bridging-Header.h"; path = "Bridging-Header.h"; sourceTree = "<group>"; };
		F840E1F0165FE0F500CFE078 /* config.xml */ = {isa = PBXFileReference; lastKnownFileType = text.xml; name = config.xml; path = "wohApp/config.xml"; sourceTree = "<group>"; };
		17C46E6FF8A24E2D94E2C489 /* UIImage+CropScaleOrientation.m */ = {isa = PBXFileReference; name = "UIImage+CropScaleOrientation.m"; path = "cordova-plugin-camera/UIImage+CropScaleOrientation.m"; sourceTree = "<group>"; fileEncoding = 4; lastKnownFileType = sourcecode.c.objc; explicitFileType = undefined; includeInIndex = 0; };
		9CF0A16A460A44D991B6E536 /* CDVCamera.m */ = {isa = PBXFileReference; name = "CDVCamera.m"; path = "cordova-plugin-camera/CDVCamera.m"; sourceTree = "<group>"; fileEncoding = 4; lastKnownFileType = sourcecode.c.objc; explicitFileType = undefined; includeInIndex = 0; };
		E2964F0F73F046FBB3E4CA3E /* CDVJpegHeaderWriter.m */ = {isa = PBXFileReference; name = "CDVJpegHeaderWriter.m"; path = "cordova-plugin-camera/CDVJpegHeaderWriter.m"; sourceTree = "<group>"; fileEncoding = 4; lastKnownFileType = sourcecode.c.objc; explicitFileType = undefined; includeInIndex = 0; };
		1B20EAD5E1DA4B6AB60CD2AB /* UIImage+CropScaleOrientation.h */ = {isa = PBXFileReference; name = "UIImage+CropScaleOrientation.h"; path = "cordova-plugin-camera/UIImage+CropScaleOrientation.h"; sourceTree = "<group>"; fileEncoding = 4; lastKnownFileType = sourcecode.c.h; explicitFileType = undefined; includeInIndex = 0; };
		487BD611BEFB4D0A91D3C5E3 /* CDVCamera.h */ = {isa = PBXFileReference; name = "CDVCamera.h"; path = "cordova-plugin-camera/CDVCamera.h"; sourceTree = "<group>"; fileEncoding = 4; lastKnownFileType = sourcecode.c.h; explicitFileType = undefined; includeInIndex = 0; };
		926C004B39BA448FB11C8F50 /* CDVJpegHeaderWriter.h */ = {isa = PBXFileReference; name = "CDVJpegHeaderWriter.h"; path = "cordova-plugin-camera/CDVJpegHeaderWriter.h"; sourceTree = "<group>"; fileEncoding = 4; lastKnownFileType = sourcecode.c.h; explicitFileType = undefined; includeInIndex = 0; };
		71030FDEB22F41A295F294A4 /* CDVExif.h */ = {isa = PBXFileReference; name = "CDVExif.h"; path = "cordova-plugin-camera/CDVExif.h"; sourceTree = "<group>"; fileEncoding = 4; lastKnownFileType = sourcecode.c.h; explicitFileType = undefined; includeInIndex = 0; };
		6A1CDB03357E426D96715704 /* ImageIO.framework */ = {isa = PBXFileReference; name = "ImageIO.framework"; path = "System/Library/Frameworks/ImageIO.framework"; sourceTree = SDKROOT; fileEncoding = undefined; lastKnownFileType = wrapper.framework; explicitFileType = undefined; includeInIndex = 0; };
		9D971C43422B476AAF106A40 /* CoreLocation.framework */ = {isa = PBXFileReference; name = "CoreLocation.framework"; path = "System/Library/Frameworks/CoreLocation.framework"; sourceTree = SDKROOT; fileEncoding = undefined; lastKnownFileType = wrapper.framework; explicitFileType = undefined; includeInIndex = 0; };
		0B96089529EE468AB0B6FDC0 /* AVFoundation.framework */ = {isa = PBXFileReference; name = "AVFoundation.framework"; path = "System/Library/Frameworks/AVFoundation.framework"; sourceTree = SDKROOT; fileEncoding = undefined; lastKnownFileType = wrapper.framework; explicitFileType = undefined; includeInIndex = 0; };
		8D5CB6637CDE43D3942F8964 /* CDVContacts.m */ = {isa = PBXFileReference; name = "CDVContacts.m"; path = "cordova-plugin-contacts/CDVContacts.m"; sourceTree = "<group>"; fileEncoding = 4; lastKnownFileType = sourcecode.c.objc; explicitFileType = undefined; includeInIndex = 0; };
		C76F3EA1F2174100856327A8 /* CDVContact.m */ = {isa = PBXFileReference; name = "CDVContact.m"; path = "cordova-plugin-contacts/CDVContact.m"; sourceTree = "<group>"; fileEncoding = 4; lastKnownFileType = sourcecode.c.objc; explicitFileType = undefined; includeInIndex = 0; };
		F6EFFFD258F14B3E93DCFFA9 /* CDVContacts.h */ = {isa = PBXFileReference; name = "CDVContacts.h"; path = "cordova-plugin-contacts/CDVContacts.h"; sourceTree = "<group>"; fileEncoding = 4; lastKnownFileType = sourcecode.c.h; explicitFileType = undefined; includeInIndex = 0; };
		35B32FF2DC3742AFAFC8A8DD /* CDVContact.h */ = {isa = PBXFileReference; name = "CDVContact.h"; path = "cordova-plugin-contacts/CDVContact.h"; sourceTree = "<group>"; fileEncoding = 4; lastKnownFileType = sourcecode.c.h; explicitFileType = undefined; includeInIndex = 0; };
		E8DA602A812144CFB9D1F799 /* AddressBook.framework */ = {isa = PBXFileReference; name = "AddressBook.framework"; path = "System/Library/Frameworks/AddressBook.framework"; sourceTree = SDKROOT; fileEncoding = undefined; lastKnownFileType = wrapper.framework; explicitFileType = undefined; includeInIndex = 0; };
		BF0B1278E7B448449EEF5F26 /* AddressBookUI.framework */ = {isa = PBXFileReference; name = "AddressBookUI.framework"; path = "System/Library/Frameworks/AddressBookUI.framework"; sourceTree = SDKROOT; fileEncoding = undefined; lastKnownFileType = wrapper.framework; explicitFileType = undefined; includeInIndex = 0; };
		1D7C0CB26EE846689D64F9A6 /* CDVDevice.m */ = {isa = PBXFileReference; name = "CDVDevice.m"; path = "cordova-plugin-device/CDVDevice.m"; sourceTree = "<group>"; fileEncoding = 4; lastKnownFileType = sourcecode.c.objc; explicitFileType = undefined; includeInIndex = 0; };
		B34E3BE8218C428EB0122A99 /* CDVDevice.h */ = {isa = PBXFileReference; name = "CDVDevice.h"; path = "cordova-plugin-device/CDVDevice.h"; sourceTree = "<group>"; fileEncoding = 4; lastKnownFileType = sourcecode.c.h; explicitFileType = undefined; includeInIndex = 0; };
		8234597FB7D54C1DA7A45C53 /* CDVNotification.m */ = {isa = PBXFileReference; name = "CDVNotification.m"; path = "cordova-plugin-dialogs/CDVNotification.m"; sourceTree = "<group>"; fileEncoding = 4; lastKnownFileType = sourcecode.c.objc; explicitFileType = undefined; includeInIndex = 0; };
		0D7645E222DA49718F16CF0D /* CDVNotification.h */ = {isa = PBXFileReference; name = "CDVNotification.h"; path = "cordova-plugin-dialogs/CDVNotification.h"; sourceTree = "<group>"; fileEncoding = 4; lastKnownFileType = sourcecode.c.h; explicitFileType = undefined; includeInIndex = 0; };
		3C373978CCEE4EA0846DBB2A /* CDVNotification.bundle */ = {isa = PBXFileReference; name = "CDVNotification.bundle"; path = "CDVNotification.bundle"; sourceTree = "<group>"; fileEncoding = undefined; lastKnownFileType = wrapper.plug-in; explicitFileType = undefined; includeInIndex = 0; };
		37316715885D478897EE9D8C /* AudioToolbox.framework */ = {isa = PBXFileReference; name = "AudioToolbox.framework"; path = "System/Library/Frameworks/AudioToolbox.framework"; sourceTree = SDKROOT; fileEncoding = undefined; lastKnownFileType = wrapper.framework; explicitFileType = undefined; includeInIndex = 0; };
		44265BF423A14AB1A4FAFDA8 /* CDVFile.m */ = {isa = PBXFileReference; name = "CDVFile.m"; path = "cordova-plugin-file/CDVFile.m"; sourceTree = "<group>"; fileEncoding = 4; lastKnownFileType = sourcecode.c.objc; explicitFileType = undefined; includeInIndex = 0; };
		7DC30999050042FAA3643557 /* CDVLocalFilesystem.m */ = {isa = PBXFileReference; name = "CDVLocalFilesystem.m"; path = "cordova-plugin-file/CDVLocalFilesystem.m"; sourceTree = "<group>"; fileEncoding = 4; lastKnownFileType = sourcecode.c.objc; explicitFileType = undefined; includeInIndex = 0; };
		704EE52F674041C894A8D657 /* CDVAssetLibraryFilesystem.m */ = {isa = PBXFileReference; name = "CDVAssetLibraryFilesystem.m"; path = "cordova-plugin-file/CDVAssetLibraryFilesystem.m"; sourceTree = "<group>"; fileEncoding = 4; lastKnownFileType = sourcecode.c.objc; explicitFileType = undefined; includeInIndex = 0; };
		A1A39EE3FA234589AEF8CEC1 /* CDVFile.h */ = {isa = PBXFileReference; name = "CDVFile.h"; path = "cordova-plugin-file/CDVFile.h"; sourceTree = "<group>"; fileEncoding = 4; lastKnownFileType = sourcecode.c.h; explicitFileType = undefined; includeInIndex = 0; };
		FC2F85B183924C7B86F172C9 /* CDVLocalFilesystem.h */ = {isa = PBXFileReference; name = "CDVLocalFilesystem.h"; path = "cordova-plugin-file/CDVLocalFilesystem.h"; sourceTree = "<group>"; fileEncoding = 4; lastKnownFileType = sourcecode.c.h; explicitFileType = undefined; includeInIndex = 0; };
		EC5BD9E18EDD47AF8A4AAB30 /* CDVAssetLibraryFilesystem.h */ = {isa = PBXFileReference; name = "CDVAssetLibraryFilesystem.h"; path = "cordova-plugin-file/CDVAssetLibraryFilesystem.h"; sourceTree = "<group>"; fileEncoding = 4; lastKnownFileType = sourcecode.c.h; explicitFileType = undefined; includeInIndex = 0; };
		4706818BC6F5431A98D34DEA /* CDVFileTransfer.m */ = {isa = PBXFileReference; name = "CDVFileTransfer.m"; path = "cordova-plugin-file-transfer/CDVFileTransfer.m"; sourceTree = "<group>"; fileEncoding = 4; lastKnownFileType = sourcecode.c.objc; explicitFileType = undefined; includeInIndex = 0; };
		6B42E5C6259445818D2B5FC4 /* CDVFileTransfer.h */ = {isa = PBXFileReference; name = "CDVFileTransfer.h"; path = "cordova-plugin-file-transfer/CDVFileTransfer.h"; sourceTree = "<group>"; fileEncoding = 4; lastKnownFileType = sourcecode.c.h; explicitFileType = undefined; includeInIndex = 0; };
		A29236E875B643DCB1170576 /* AppDelegate+FirebasePlugin.m */ = {isa = PBXFileReference; name = "AppDelegate+FirebasePlugin.m"; path = "cordova-plugin-firebase/AppDelegate+FirebasePlugin.m"; sourceTree = "<group>"; fileEncoding = 4; lastKnownFileType = sourcecode.c.objc; explicitFileType = undefined; includeInIndex = 0; };
		3FA5CF02934B4E63A6DEF99D /* FirebasePlugin.m */ = {isa = PBXFileReference; name = "FirebasePlugin.m"; path = "cordova-plugin-firebase/FirebasePlugin.m"; sourceTree = "<group>"; fileEncoding = 4; lastKnownFileType = sourcecode.c.objc; explicitFileType = undefined; includeInIndex = 0; };
		AF8CBC0715924C43A7D0F4C9 /* AppDelegate+FirebasePlugin.h */ = {isa = PBXFileReference; name = "AppDelegate+FirebasePlugin.h"; path = "cordova-plugin-firebase/AppDelegate+FirebasePlugin.h"; sourceTree = "<group>"; fileEncoding = 4; lastKnownFileType = sourcecode.c.h; explicitFileType = undefined; includeInIndex = 0; };
		01705D22FA6649CBAA18D123 /* FirebasePlugin.h */ = {isa = PBXFileReference; name = "FirebasePlugin.h"; path = "cordova-plugin-firebase/FirebasePlugin.h"; sourceTree = "<group>"; fileEncoding = 4; lastKnownFileType = sourcecode.c.h; explicitFileType = undefined; includeInIndex = 0; };
		69455EB6137245978DCB0032 /* Firebase.h */ = {isa = PBXFileReference; name = "Firebase.h"; path = "cordova-plugin-firebase/Firebase.h"; sourceTree = "<group>"; fileEncoding = 4; lastKnownFileType = sourcecode.c.h; explicitFileType = undefined; includeInIndex = 0; };
		89182376D7E248AEBE4EB208 /* GoogleService-Info.plist */ = {isa = PBXFileReference; name = "GoogleService-Info.plist"; path = "GoogleService-Info.plist"; sourceTree = "<group>"; fileEncoding = 4; lastKnownFileType = text.plist.xml; explicitFileType = undefined; includeInIndex = 0; };
		963E48E4F478431CBF93AA0B /* Crashlytics.framework */ = {isa = PBXFileReference; name = "Crashlytics.framework"; path = "wohApp/Plugins/cordova-plugin-firebase/Crashlytics.framework"; sourceTree = "<group>"; fileEncoding = undefined; lastKnownFileType = wrapper.framework; explicitFileType = undefined; includeInIndex = 0; };
		BF15361F9D8D4DE0A83135F6 /* Fabric.framework */ = {isa = PBXFileReference; name = "Fabric.framework"; path = "wohApp/Plugins/cordova-plugin-firebase/Fabric.framework"; sourceTree = "<group>"; fileEncoding = undefined; lastKnownFileType = wrapper.framework; explicitFileType = undefined; includeInIndex = 0; };
		9C73AF29B1F14B1983D183F2 /* GoogleAppMeasurement.framework */ = {isa = PBXFileReference; name = "GoogleAppMeasurement.framework"; path = "wohApp/Plugins/cordova-plugin-firebase/GoogleAppMeasurement.framework"; sourceTree = "<group>"; fileEncoding = undefined; lastKnownFileType = wrapper.framework; explicitFileType = undefined; includeInIndex = 0; };
		AFE923187D0C48A29B3B1D95 /* MeasurementNanoPB.framework */ = {isa = PBXFileReference; name = "MeasurementNanoPB.framework"; path = "wohApp/Plugins/cordova-plugin-firebase/MeasurementNanoPB.framework"; sourceTree = "<group>"; fileEncoding = undefined; lastKnownFileType = wrapper.framework; explicitFileType = undefined; includeInIndex = 0; };
		A65DA2E305434582B81379D1 /* FirebaseCore.framework */ = {isa = PBXFileReference; name = "FirebaseCore.framework"; path = "wohApp/Plugins/cordova-plugin-firebase/FirebaseCore.framework"; sourceTree = "<group>"; fileEncoding = undefined; lastKnownFileType = wrapper.framework; explicitFileType = undefined; includeInIndex = 0; };
		F5BF34A43F7943BAAFD998E5 /* FirebaseAnalytics.framework */ = {isa = PBXFileReference; name = "FirebaseAnalytics.framework"; path = "wohApp/Plugins/cordova-plugin-firebase/FirebaseAnalytics.framework"; sourceTree = "<group>"; fileEncoding = undefined; lastKnownFileType = wrapper.framework; explicitFileType = undefined; includeInIndex = 0; };
		215ABCE307E642AB953954FC /* GoogleUtilities.framework */ = {isa = PBXFileReference; name = "GoogleUtilities.framework"; path = "wohApp/Plugins/cordova-plugin-firebase/GoogleUtilities.framework"; sourceTree = "<group>"; fileEncoding = undefined; lastKnownFileType = wrapper.framework; explicitFileType = undefined; includeInIndex = 0; };
		D789B304172D4376A450842A /* nanopb.framework */ = {isa = PBXFileReference; name = "nanopb.framework"; path = "wohApp/Plugins/cordova-plugin-firebase/nanopb.framework"; sourceTree = "<group>"; fileEncoding = undefined; lastKnownFileType = wrapper.framework; explicitFileType = undefined; includeInIndex = 0; };
		1467CE0943954F0AA0537CF5 /* FirebaseInstanceID.framework */ = {isa = PBXFileReference; name = "FirebaseInstanceID.framework"; path = "wohApp/Plugins/cordova-plugin-firebase/FirebaseInstanceID.framework"; sourceTree = "<group>"; fileEncoding = undefined; lastKnownFileType = wrapper.framework; explicitFileType = undefined; includeInIndex = 0; };
		5C57DD8352B24AE0BAC01CB6 /* FirebaseCoreDiagnostics.framework */ = {isa = PBXFileReference; name = "FirebaseCoreDiagnostics.framework"; path = "wohApp/Plugins/cordova-plugin-firebase/FirebaseCoreDiagnostics.framework"; sourceTree = "<group>"; fileEncoding = undefined; lastKnownFileType = wrapper.framework; explicitFileType = undefined; includeInIndex = 0; };
		2EE775FA246743E0865DBF15 /* GTMSessionFetcher.framework */ = {isa = PBXFileReference; name = "GTMSessionFetcher.framework"; path = "wohApp/Plugins/cordova-plugin-firebase/GTMSessionFetcher.framework"; sourceTree = "<group>"; fileEncoding = undefined; lastKnownFileType = wrapper.framework; explicitFileType = undefined; includeInIndex = 0; };
		92B6BA021DAB48C1B4FF5BA5 /* FirebaseAuth.framework */ = {isa = PBXFileReference; name = "FirebaseAuth.framework"; path = "wohApp/Plugins/cordova-plugin-firebase/FirebaseAuth.framework"; sourceTree = "<group>"; fileEncoding = undefined; lastKnownFileType = wrapper.framework; explicitFileType = undefined; includeInIndex = 0; };
		569D7BF2B5FC4A359CCBC26F /* FirebaseMessaging.framework */ = {isa = PBXFileReference; name = "FirebaseMessaging.framework"; path = "wohApp/Plugins/cordova-plugin-firebase/FirebaseMessaging.framework"; sourceTree = "<group>"; fileEncoding = undefined; lastKnownFileType = wrapper.framework; explicitFileType = undefined; includeInIndex = 0; };
		348B6FB47B0E4141A859A475 /* GoogleToolboxForMac.framework */ = {isa = PBXFileReference; name = "GoogleToolboxForMac.framework"; path = "wohApp/Plugins/cordova-plugin-firebase/GoogleToolboxForMac.framework"; sourceTree = "<group>"; fileEncoding = undefined; lastKnownFileType = wrapper.framework; explicitFileType = undefined; includeInIndex = 0; };
		3ACA628105AD4997847E9E79 /* FirebasePerformance.framework */ = {isa = PBXFileReference; name = "FirebasePerformance.framework"; path = "wohApp/Plugins/cordova-plugin-firebase/FirebasePerformance.framework"; sourceTree = "<group>"; fileEncoding = undefined; lastKnownFileType = wrapper.framework; explicitFileType = undefined; includeInIndex = 0; };
		1ECDA9EB8AF449CC84EC44ED /* Protobuf.framework */ = {isa = PBXFileReference; name = "Protobuf.framework"; path = "wohApp/Plugins/cordova-plugin-firebase/Protobuf.framework"; sourceTree = "<group>"; fileEncoding = undefined; lastKnownFileType = wrapper.framework; explicitFileType = undefined; includeInIndex = 0; };
		CCB3E637FCF24D46878C90F7 /* FirebaseRemoteConfig.framework */ = {isa = PBXFileReference; name = "FirebaseRemoteConfig.framework"; path = "wohApp/Plugins/cordova-plugin-firebase/FirebaseRemoteConfig.framework"; sourceTree = "<group>"; fileEncoding = undefined; lastKnownFileType = wrapper.framework; explicitFileType = undefined; includeInIndex = 0; };
		2270CF5D68F24BDFB8456C49 /* FirebaseABTesting.framework */ = {isa = PBXFileReference; name = "FirebaseABTesting.framework"; path = "wohApp/Plugins/cordova-plugin-firebase/FirebaseABTesting.framework"; sourceTree = "<group>"; fileEncoding = undefined; lastKnownFileType = wrapper.framework; explicitFileType = undefined; includeInIndex = 0; };
/* End PBXFileReference section */

/* Begin PBXFrameworksBuildPhase section */
		1D60588F0D05DD3D006BFB54 /* Frameworks */ = {
			isa = PBXFrameworksBuildPhase;
			buildActionMask = 2147483647;
			files = (
				301BF552109A68D80062928A /* libCordova.a in Frameworks */,
				33EF204ACC254F0DAB3C0EC4 /* ImageIO.framework in Frameworks */,
				E0A975471BA54C3E804DC54C /* CoreLocation.framework in Frameworks */,
				E49470408B4F4D0DBB495864 /* AVFoundation.framework in Frameworks */,
				C9BF58D3B3F8444FBF1A601D /* AddressBook.framework in Frameworks */,
				A6F06C184137482B9E8076C9 /* AddressBookUI.framework in Frameworks */,
				55347ADF74554BB5986D1C68 /* AudioToolbox.framework in Frameworks */,
				595FE7DF7DA243038AEB090B /* Crashlytics.framework in Frameworks */,
				19A43A4F12144622A15D0C41 /* Fabric.framework in Frameworks */,
				2D617BCB6C2B481299CCE9BD /* GoogleAppMeasurement.framework in Frameworks */,
				4D881035BEBA43A1ADC9E7BC /* MeasurementNanoPB.framework in Frameworks */,
				AFE052A560CA4AD687E6C131 /* FirebaseCore.framework in Frameworks */,
				C27BEB86BF2442B48BA4579D /* FirebaseAnalytics.framework in Frameworks */,
				DE658636060A4615A83E6F02 /* GoogleUtilities.framework in Frameworks */,
				46CBEBC1DF584199B2D63D28 /* nanopb.framework in Frameworks */,
				5DDB891EEB8C4D41839B7063 /* FirebaseInstanceID.framework in Frameworks */,
				6C0B53A0BA694E96936B722A /* FirebaseCoreDiagnostics.framework in Frameworks */,
				E6AAD8ABF0D0411FB9AFE59D /* GTMSessionFetcher.framework in Frameworks */,
				BFB376FFFBF844A79E58AA9E /* FirebaseAuth.framework in Frameworks */,
				AC272769AA2544A18734C636 /* FirebaseMessaging.framework in Frameworks */,
				297151C90D7D44A7A40C5065 /* GoogleToolboxForMac.framework in Frameworks */,
				DCB83BB050CE4E528937FE12 /* FirebasePerformance.framework in Frameworks */,
				09F32CCDE69E42D59424F999 /* Protobuf.framework in Frameworks */,
				81E952222EF9492694FFD402 /* FirebaseRemoteConfig.framework in Frameworks */,
				478BECCA847C4C3F9B225637 /* FirebaseABTesting.framework in Frameworks */,
			);
			runOnlyForDeploymentPostprocessing = 0;
		};
/* End PBXFrameworksBuildPhase section */

/* Begin PBXGroup section */
		080E96DDFE201D6D7F000001 /* Classes */ = {
			isa = PBXGroup;
			children = (
				302D95EE14D2391D003F00A1 /* MainViewController.h */,
				302D95EF14D2391D003F00A1 /* MainViewController.m */,
				302D95F014D2391D003F00A1 /* MainViewController.xib */,
				1D3623240D0F684500981E51 /* AppDelegate.h */,
				1D3623250D0F684500981E51 /* AppDelegate.m */,
			);
			name = Classes;
			path = "wohApp/Classes";
			sourceTree = SOURCE_ROOT;
		};
		19C28FACFE9D520D11CA2CBB /* Products */ = {
			isa = PBXGroup;
			children = (
				1D6058910D05DD3D006BFB54 /* wohApp.app */,
			);
			name = Products;
			sourceTree = "<group>";
		};
		29B97314FDCFA39411CA2CEA /* CustomTemplate */ = {
			isa = PBXGroup;
			children = (
				EB87FDF41871DAF40020F90C /* config.xml */,
				EB87FDF31871DA8E0020F90C /* www */,
				EB87FDF11871DA420020F90C /* Staging */,
				301BF52D109A57CC0062928A /* CordovaLib.xcodeproj */,
				080E96DDFE201D6D7F000001 /* Classes */,
				307C750510C5A3420062BCA9 /* Plugins */,
				29B97315FDCFA39411CA2CEA /* Other Sources */,
				29B97317FDCFA39411CA2CEA /* Resources */,
				29B97323FDCFA39411CA2CEA /* Frameworks */,
				19C28FACFE9D520D11CA2CBB /* Products */,
			);
			name = CustomTemplate;
			sourceTree = "<group>";
		};
		29B97315FDCFA39411CA2CEA /* Other Sources */ = {
			isa = PBXGroup;
			children = (
				32CA4F630368D1EE00C91783 /* wohApp-Prefix.pch */,
				29B97316FDCFA39411CA2CEA /* main.m */,
				ED33DF2A687741AEAF9F8254 /* Bridging-Header.h */,
			);
			name = "Other Sources";
			path = "wohApp";
			sourceTree = "<group>";
		};
		29B97317FDCFA39411CA2CEA /* Resources */ = {
			isa = PBXGroup;
			children = (
				0207DA571B56EA530066E2B4 /* Images.xcassets */,
				3047A50E1AB8057F00498E2A /* config */,
				8D1107310486CEB800E47090 /* wohApp-Info.plist */,
				6AFF5BF81D6E424B00AB3073 /* CDVLaunchScreen.storyboard */,
				3C373978CCEE4EA0846DBB2A /* CDVNotification.bundle */,
				89182376D7E248AEBE4EB208 /* GoogleService-Info.plist */,
			);
			name = Resources;
			path = "wohApp/Resources";
			sourceTree = "<group>";
		};
		29B97323FDCFA39411CA2CEA /* Frameworks */ = {
			isa = PBXGroup;
			children = (
				6A1CDB03357E426D96715704 /* ImageIO.framework */,
				9D971C43422B476AAF106A40 /* CoreLocation.framework */,
				0B96089529EE468AB0B6FDC0 /* AVFoundation.framework */,
				E8DA602A812144CFB9D1F799 /* AddressBook.framework */,
				BF0B1278E7B448449EEF5F26 /* AddressBookUI.framework */,
				37316715885D478897EE9D8C /* AudioToolbox.framework */,
				963E48E4F478431CBF93AA0B /* Crashlytics.framework */,
				BF15361F9D8D4DE0A83135F6 /* Fabric.framework */,
				9C73AF29B1F14B1983D183F2 /* GoogleAppMeasurement.framework */,
				AFE923187D0C48A29B3B1D95 /* MeasurementNanoPB.framework */,
				A65DA2E305434582B81379D1 /* FirebaseCore.framework */,
				F5BF34A43F7943BAAFD998E5 /* FirebaseAnalytics.framework */,
				215ABCE307E642AB953954FC /* GoogleUtilities.framework */,
				D789B304172D4376A450842A /* nanopb.framework */,
				1467CE0943954F0AA0537CF5 /* FirebaseInstanceID.framework */,
				5C57DD8352B24AE0BAC01CB6 /* FirebaseCoreDiagnostics.framework */,
				2EE775FA246743E0865DBF15 /* GTMSessionFetcher.framework */,
				92B6BA021DAB48C1B4FF5BA5 /* FirebaseAuth.framework */,
				569D7BF2B5FC4A359CCBC26F /* FirebaseMessaging.framework */,
				348B6FB47B0E4141A859A475 /* GoogleToolboxForMac.framework */,
				3ACA628105AD4997847E9E79 /* FirebasePerformance.framework */,
				1ECDA9EB8AF449CC84EC44ED /* Protobuf.framework */,
				CCB3E637FCF24D46878C90F7 /* FirebaseRemoteConfig.framework */,
				2270CF5D68F24BDFB8456C49 /* FirebaseABTesting.framework */,
			);
			name = Frameworks;
			sourceTree = "<group>";
		};
		301BF52E109A57CC0062928A /* Products */ = {
			isa = PBXGroup;
			children = (
				301BF535109A57CC0062928A /* libCordova.a */,
				907D8124214C687600058A10 /* Cordova.framework */,
			);
			name = Products;
			sourceTree = "<group>";
		};
		3047A50E1AB8057F00498E2A /* config */ = {
			isa = PBXGroup;
			children = (
				3047A50F1AB8059700498E2A /* build-debug.xcconfig */,
				3047A5101AB8059700498E2A /* build-release.xcconfig */,
				3047A5111AB8059700498E2A /* build.xcconfig */,
			);
			name = config;
			sourceTree = "<group>";
		};
		307C750510C5A3420062BCA9 /* Plugins */ = {
			isa = PBXGroup;
			children = (
				17C46E6FF8A24E2D94E2C489 /* UIImage+CropScaleOrientation.m */,
				9CF0A16A460A44D991B6E536 /* CDVCamera.m */,
				E2964F0F73F046FBB3E4CA3E /* CDVJpegHeaderWriter.m */,
				1B20EAD5E1DA4B6AB60CD2AB /* UIImage+CropScaleOrientation.h */,
				487BD611BEFB4D0A91D3C5E3 /* CDVCamera.h */,
				926C004B39BA448FB11C8F50 /* CDVJpegHeaderWriter.h */,
				71030FDEB22F41A295F294A4 /* CDVExif.h */,
				8D5CB6637CDE43D3942F8964 /* CDVContacts.m */,
				C76F3EA1F2174100856327A8 /* CDVContact.m */,
				F6EFFFD258F14B3E93DCFFA9 /* CDVContacts.h */,
				35B32FF2DC3742AFAFC8A8DD /* CDVContact.h */,
				1D7C0CB26EE846689D64F9A6 /* CDVDevice.m */,
				B34E3BE8218C428EB0122A99 /* CDVDevice.h */,
				8234597FB7D54C1DA7A45C53 /* CDVNotification.m */,
				0D7645E222DA49718F16CF0D /* CDVNotification.h */,
				44265BF423A14AB1A4FAFDA8 /* CDVFile.m */,
				7DC30999050042FAA3643557 /* CDVLocalFilesystem.m */,
				704EE52F674041C894A8D657 /* CDVAssetLibraryFilesystem.m */,
				A1A39EE3FA234589AEF8CEC1 /* CDVFile.h */,
				FC2F85B183924C7B86F172C9 /* CDVLocalFilesystem.h */,
				EC5BD9E18EDD47AF8A4AAB30 /* CDVAssetLibraryFilesystem.h */,
				4706818BC6F5431A98D34DEA /* CDVFileTransfer.m */,
				6B42E5C6259445818D2B5FC4 /* CDVFileTransfer.h */,
				A29236E875B643DCB1170576 /* AppDelegate+FirebasePlugin.m */,
				3FA5CF02934B4E63A6DEF99D /* FirebasePlugin.m */,
				AF8CBC0715924C43A7D0F4C9 /* AppDelegate+FirebasePlugin.h */,
				01705D22FA6649CBAA18D123 /* FirebasePlugin.h */,
				69455EB6137245978DCB0032 /* Firebase.h */,
			);
			name = Plugins;
			path = "wohApp/Plugins";
			sourceTree = SOURCE_ROOT;
		};
		EB87FDF11871DA420020F90C /* Staging */ = {
			isa = PBXGroup;
			children = (
				F840E1F0165FE0F500CFE078 /* config.xml */,
				301BF56E109A69640062928A /* www */,
			);
			name = Staging;
			sourceTree = "<group>";
		};
/* End PBXGroup section */

/* Begin PBXNativeTarget section */
		1D6058900D05DD3D006BFB54 /* wohApp */ = {
			isa = PBXNativeTarget;
			buildConfigurationList = 1D6058960D05DD3E006BFB54 /* Build configuration list for PBXNativeTarget "wohApp" */;
			buildPhases = (
				304B58A110DAC018002A0835 /* Copy www directory */,
				1D60588D0D05DD3D006BFB54 /* Resources */,
				1D60588E0D05DD3D006BFB54 /* Sources */,
				1D60588F0D05DD3D006BFB54 /* Frameworks */,
			);
			buildRules = (
			);
			dependencies = (
				301BF551109A68C00062928A /* PBXTargetDependency */,
			);
			name = "wohApp";
			productName = "wohApp";
			productReference = 1D6058910D05DD3D006BFB54 /* wohApp.app */;
			productType = "com.apple.product-type.application";
		};
/* End PBXNativeTarget section */

/* Begin PBXProject section */
		29B97313FDCFA39411CA2CEA /* Project object */ = {
			isa = PBXProject;
			attributes = {
				LastUpgradeCheck = 510;
				TargetAttributes = {
					1D6058900D05DD3D006BFB54 = {
						ProvisioningStyle = Automatic;
					};
				};
			};
			buildConfigurationList = C01FCF4E08A954540054247B /* Build configuration list for PBXProject "wohApp" */;
			compatibilityVersion = "Xcode 3.2";
			developmentRegion = English;
			hasScannedForEncodings = 1;
			mainGroup = 29B97314FDCFA39411CA2CEA /* CustomTemplate */;
			projectDirPath = "";
			projectReferences = (
				{
					ProductGroup = 301BF52E109A57CC0062928A /* Products */;
					ProjectRef = 301BF52D109A57CC0062928A /* CordovaLib.xcodeproj */;
				},
			);
			projectRoot = "";
			targets = (
				1D6058900D05DD3D006BFB54 /* wohApp */,
			);
		};
/* End PBXProject section */

/* Begin PBXReferenceProxy section */
		301BF535109A57CC0062928A /* libCordova.a */ = {
			isa = PBXReferenceProxy;
			fileType = archive.ar;
			path = libCordova.a;
			remoteRef = 301BF534109A57CC0062928A /* PBXContainerItemProxy */;
			sourceTree = BUILT_PRODUCTS_DIR;
		};
		907D8124214C687600058A10 /* Cordova.framework */ = {
			isa = PBXReferenceProxy;
			fileType = wrapper.framework;
			path = Cordova.framework;
			remoteRef = 907D8123214C687600058A10 /* PBXContainerItemProxy */;
			sourceTree = BUILT_PRODUCTS_DIR;
		};
/* End PBXReferenceProxy section */

/* Begin PBXResourcesBuildPhase section */
		1D60588D0D05DD3D006BFB54 /* Resources */ = {
			isa = PBXResourcesBuildPhase;
			buildActionMask = 2147483647;
			files = (
				302D95F214D2391D003F00A1 /* MainViewController.xib in Resources */,
				0207DA581B56EA530066E2B4 /* Images.xcassets in Resources */,
				6AFF5BF91D6E424B00AB3073 /* CDVLaunchScreen.storyboard in Resources */,
				660E16937FC24C4FA5D50D4B /* CDVNotification.bundle in Resources */,
				688167424C0146C3992E5156 /* GoogleService-Info.plist in Resources */,
			);
			runOnlyForDeploymentPostprocessing = 0;
		};
/* End PBXResourcesBuildPhase section */

/* Begin PBXShellScriptBuildPhase section */
		304B58A110DAC018002A0835 /* Copy www directory */ = {
			isa = PBXShellScriptBuildPhase;
			buildActionMask = 2147483647;
			files = (
			);
			inputPaths = (
			);
			name = "Copy www directory";
			outputPaths = (
			);
			runOnlyForDeploymentPostprocessing = 0;
			shellPath = /bin/sh;
			shellScript = "\"$SRCROOT/wohApp/Scripts/copy-www-build-step.sh\"";
			showEnvVarsInLog = 0;
		};
/* End PBXShellScriptBuildPhase section */

/* Begin PBXSourcesBuildPhase section */
		1D60588E0D05DD3D006BFB54 /* Sources */ = {
			isa = PBXSourcesBuildPhase;
			buildActionMask = 2147483647;
			files = (
				1D60589B0D05DD56006BFB54 /* main.m in Sources */,
				1D3623260D0F684500981E51 /* AppDelegate.m in Sources */,
				302D95F114D2391D003F00A1 /* MainViewController.m in Sources */,
				891C50DBC13D424E9E6F2917 /* UIImage+CropScaleOrientation.m in Sources */,
				1C9FE2C619D1475FB3A9C58C /* CDVCamera.m in Sources */,
				C25FF31655794AAA96E612EC /* CDVJpegHeaderWriter.m in Sources */,
				1075E40206514380B0844101 /* CDVContacts.m in Sources */,
				4ACAA7FED073489CBD067713 /* CDVContact.m in Sources */,
				78083D7B1DCD49A9A5A2BC22 /* CDVDevice.m in Sources */,
				0DE1BBF651B54C539791D2C7 /* CDVNotification.m in Sources */,
				9BC75BA5AA344888A018E218 /* CDVFile.m in Sources */,
				894FE53B81C6450D9BF23077 /* CDVLocalFilesystem.m in Sources */,
				7ACC06436D764BB781E195CF /* CDVAssetLibraryFilesystem.m in Sources */,
				E2B8AA5CE6E24ADFA9AA70BD /* CDVFileTransfer.m in Sources */,
				E75C6D2638904D3990F16566 /* AppDelegate+FirebasePlugin.m in Sources */,
				7F198FE18A2547FFAA17AA29 /* FirebasePlugin.m in Sources */,
			);
			runOnlyForDeploymentPostprocessing = 0;
		};
/* End PBXSourcesBuildPhase section */

/* Begin PBXTargetDependency section */
		301BF551109A68C00062928A /* PBXTargetDependency */ = {
			isa = PBXTargetDependency;
			name = CordovaLib;
			targetProxy = 301BF550109A68C00062928A /* PBXContainerItemProxy */;
		};
/* End PBXTargetDependency section */

/* Begin XCBuildConfiguration section */
		1D6058940D05DD3E006BFB54 /* Debug */ = {
			isa = XCBuildConfiguration;
			baseConfigurationReference = 3047A50F1AB8059700498E2A /* build-debug.xcconfig */;
			buildSettings = {
				ALWAYS_SEARCH_USER_PATHS = NO;
				ASSETCATALOG_COMPILER_APPICON_NAME = AppIcon;
				ASSETCATALOG_COMPILER_LAUNCHIMAGE_NAME = LaunchImage;
				CLANG_ENABLE_MODULES = YES;
				CLANG_ENABLE_OBJC_ARC = YES;
				COPY_PHASE_STRIP = NO;
				GCC_DYNAMIC_NO_PIC = NO;
				GCC_OPTIMIZATION_LEVEL = 0;
				GCC_PRECOMPILE_PREFIX_HEADER = YES;
				GCC_PREFIX_HEADER = "wohApp/wohApp-Prefix.pch";
				GCC_THUMB_SUPPORT = NO;
				GCC_VERSION = "";
				INFOPLIST_FILE = "wohApp/wohApp-Info.plist";
				IPHONEOS_DEPLOYMENT_TARGET = 7.0;
				LD_RUNPATH_SEARCH_PATHS = "@executable_path/Frameworks";
				PRODUCT_BUNDLE_IDENTIFIER = com.highwayns.wohapp;
				PRODUCT_NAME = "$(TARGET_NAME)";
				TARGETED_DEVICE_FAMILY = "1,2";
				FRAMEWORK_SEARCH_PATHS = (
					"$(inherited)",
					"\"wohApp/Plugins/cordova-plugin-firebase\"",
					"\"wohApp/Plugins/cordova-plugin-firebase\"",
					"\"wohApp/Plugins/cordova-plugin-firebase\"",
					"\"wohApp/Plugins/cordova-plugin-firebase\"",
					"\"wohApp/Plugins/cordova-plugin-firebase\"",
					"\"wohApp/Plugins/cordova-plugin-firebase\"",
					"\"wohApp/Plugins/cordova-plugin-firebase\"",
					"\"wohApp/Plugins/cordova-plugin-firebase\"",
					"\"wohApp/Plugins/cordova-plugin-firebase\"",
					"\"wohApp/Plugins/cordova-plugin-firebase\"",
					"\"wohApp/Plugins/cordova-plugin-firebase\"",
					"\"wohApp/Plugins/cordova-plugin-firebase\"",
					"\"wohApp/Plugins/cordova-plugin-firebase\"",
					"\"wohApp/Plugins/cordova-plugin-firebase\"",
					"\"wohApp/Plugins/cordova-plugin-firebase\"",
					"\"wohApp/Plugins/cordova-plugin-firebase\"",
					"\"wohApp/Plugins/cordova-plugin-firebase\"",
					"\"wohApp/Plugins/cordova-plugin-firebase\"",
				);
			};
			name = Debug;
		};
		1D6058950D05DD3E006BFB54 /* Release */ = {
			isa = XCBuildConfiguration;
			baseConfigurationReference = 3047A5101AB8059700498E2A /* build-release.xcconfig */;
			buildSettings = {
				ALWAYS_SEARCH_USER_PATHS = NO;
				ASSETCATALOG_COMPILER_APPICON_NAME = AppIcon;
				ASSETCATALOG_COMPILER_LAUNCHIMAGE_NAME = LaunchImage;
				CLANG_ENABLE_MODULES = YES;
				CLANG_ENABLE_OBJC_ARC = YES;
				COPY_PHASE_STRIP = YES;
				GCC_PRECOMPILE_PREFIX_HEADER = YES;
				GCC_PREFIX_HEADER = "wohApp/wohApp-Prefix.pch";
				GCC_THUMB_SUPPORT = NO;
				GCC_VERSION = "";
				INFOPLIST_FILE = "wohApp/wohApp-Info.plist";
				IPHONEOS_DEPLOYMENT_TARGET = 7.0;
				LD_RUNPATH_SEARCH_PATHS = "@executable_path/Frameworks";
				PRODUCT_BUNDLE_IDENTIFIER = com.highwayns.wohapp;
				PRODUCT_NAME = "$(TARGET_NAME)";
				TARGETED_DEVICE_FAMILY = "1,2";
				FRAMEWORK_SEARCH_PATHS = (
					"$(inherited)",
					"\"wohApp/Plugins/cordova-plugin-firebase\"",
					"\"wohApp/Plugins/cordova-plugin-firebase\"",
					"\"wohApp/Plugins/cordova-plugin-firebase\"",
					"\"wohApp/Plugins/cordova-plugin-firebase\"",
					"\"wohApp/Plugins/cordova-plugin-firebase\"",
					"\"wohApp/Plugins/cordova-plugin-firebase\"",
					"\"wohApp/Plugins/cordova-plugin-firebase\"",
					"\"wohApp/Plugins/cordova-plugin-firebase\"",
					"\"wohApp/Plugins/cordova-plugin-firebase\"",
					"\"wohApp/Plugins/cordova-plugin-firebase\"",
					"\"wohApp/Plugins/cordova-plugin-firebase\"",
					"\"wohApp/Plugins/cordova-plugin-firebase\"",
					"\"wohApp/Plugins/cordova-plugin-firebase\"",
					"\"wohApp/Plugins/cordova-plugin-firebase\"",
					"\"wohApp/Plugins/cordova-plugin-firebase\"",
					"\"wohApp/Plugins/cordova-plugin-firebase\"",
					"\"wohApp/Plugins/cordova-plugin-firebase\"",
					"\"wohApp/Plugins/cordova-plugin-firebase\"",
				);
			};
			name = Release;
		};
		C01FCF4F08A954540054247B /* Debug */ = {
			isa = XCBuildConfiguration;
			baseConfigurationReference = 3047A5111AB8059700498E2A /* build.xcconfig */;
			buildSettings = {
				CLANG_ENABLE_MODULES = YES;
				CLANG_ENABLE_OBJC_ARC = YES;
				CLANG_WARN_BLOCK_CAPTURE_AUTORELEASING = YES;
				CLANG_WARN_BOOL_CONVERSION = YES;
				CLANG_WARN_COMMA = YES;
				CLANG_WARN_CONSTANT_CONVERSION = YES;
				CLANG_WARN_DEPRECATED_OBJC_IMPLEMENTATIONS = YES;
				CLANG_WARN_EMPTY_BODY = YES;
				CLANG_WARN_ENUM_CONVERSION = YES;
				CLANG_WARN_INFINITE_RECURSION = YES;
				CLANG_WARN_INT_CONVERSION = YES;
				CLANG_WARN_NON_LITERAL_NULL_CONVERSION = YES;
				CLANG_WARN_OBJC_IMPLICIT_RETAIN_SELF = YES;
				CLANG_WARN_OBJC_LITERAL_CONVERSION = YES;
				CLANG_WARN_RANGE_LOOP_ANALYSIS = YES;
				CLANG_WARN_STRICT_PROTOTYPES = YES;
				CLANG_WARN_SUSPICIOUS_MOVE = YES;
				CLANG_WARN_UNREACHABLE_CODE = YES;
				CLANG_WARN__DUPLICATE_METHOD_MATCH = YES;
				ENABLE_STRICT_OBJC_MSGSEND = YES;
				ENABLE_TESTABILITY = YES;
				GCC_C_LANGUAGE_STANDARD = c99;
				GCC_NO_COMMON_BLOCKS = YES;
				GCC_THUMB_SUPPORT = NO;
				GCC_VERSION = "";
				GCC_WARN_64_TO_32_BIT_CONVERSION = YES;
				GCC_WARN_ABOUT_RETURN_TYPE = YES;
				GCC_WARN_UNDECLARED_SELECTOR = YES;
				GCC_WARN_UNINITIALIZED_AUTOS = YES;
				GCC_WARN_UNUSED_FUNCTION = YES;
				GCC_WARN_UNUSED_VARIABLE = YES;
				ONLY_ACTIVE_ARCH = YES;
				SDKROOT = iphoneos;
				SKIP_INSTALL = NO;
				PRODUCT_BUNDLE_IDENTIFIER = com.highwayns.wohapp;
				TARGETED_DEVICE_FAMILY = "1,2";
				IPHONEOS_DEPLOYMENT_TARGET = 7.0;
			};
			name = Debug;
		};
		C01FCF5008A954540054247B /* Release */ = {
			isa = XCBuildConfiguration;
			baseConfigurationReference = 3047A5111AB8059700498E2A /* build.xcconfig */;
			buildSettings = {
				CLANG_ENABLE_MODULES = YES;
				CLANG_ENABLE_OBJC_ARC = YES;
				CLANG_WARN_BLOCK_CAPTURE_AUTORELEASING = YES;
				CLANG_WARN_BOOL_CONVERSION = YES;
				CLANG_WARN_COMMA = YES;
				CLANG_WARN_CONSTANT_CONVERSION = YES;
				CLANG_WARN_DEPRECATED_OBJC_IMPLEMENTATIONS = YES;
				CLANG_WARN_EMPTY_BODY = YES;
				CLANG_WARN_ENUM_CONVERSION = YES;
				CLANG_WARN_INFINITE_RECURSION = YES;
				CLANG_WARN_INT_CONVERSION = YES;
				CLANG_WARN_NON_LITERAL_NULL_CONVERSION = YES;
				CLANG_WARN_OBJC_IMPLICIT_RETAIN_SELF = YES;
				CLANG_WARN_OBJC_LITERAL_CONVERSION = YES;
				CLANG_WARN_RANGE_LOOP_ANALYSIS = YES;
				CLANG_WARN_STRICT_PROTOTYPES = YES;
				CLANG_WARN_SUSPICIOUS_MOVE = YES;
				CLANG_WARN_UNREACHABLE_CODE = YES;
				CLANG_WARN__DUPLICATE_METHOD_MATCH = YES;
				ENABLE_STRICT_OBJC_MSGSEND = YES;
				GCC_C_LANGUAGE_STANDARD = c99;
				GCC_NO_COMMON_BLOCKS = YES;
				GCC_THUMB_SUPPORT = NO;
				GCC_VERSION = "";
				GCC_WARN_64_TO_32_BIT_CONVERSION = YES;
				GCC_WARN_ABOUT_RETURN_TYPE = YES;
				GCC_WARN_UNDECLARED_SELECTOR = YES;
				GCC_WARN_UNINITIALIZED_AUTOS = YES;
				GCC_WARN_UNUSED_FUNCTION = YES;
				GCC_WARN_UNUSED_VARIABLE = YES;
				SDKROOT = iphoneos;
				SKIP_INSTALL = NO;
				PRODUCT_BUNDLE_IDENTIFIER = com.highwayns.wohapp;
				TARGETED_DEVICE_FAMILY = "1,2";
				IPHONEOS_DEPLOYMENT_TARGET = 7.0;
			};
			name = Release;
		};
/* End XCBuildConfiguration section */

/* Begin XCConfigurationList section */
		1D6058960D05DD3E006BFB54 /* Build configuration list for PBXNativeTarget "wohApp" */ = {
			isa = XCConfigurationList;
			buildConfigurations = (
				1D6058940D05DD3E006BFB54 /* Debug */,
				1D6058950D05DD3E006BFB54 /* Release */,
			);
			defaultConfigurationIsVisible = 0;
			defaultConfigurationName = Release;
		};
		C01FCF4E08A954540054247B /* Build configuration list for PBXProject "wohApp" */ = {
			isa = XCConfigurationList;
			buildConfigurations = (
				C01FCF4F08A954540054247B /* Debug */,
				C01FCF5008A954540054247B /* Release */,
			);
			defaultConfigurationIsVisible = 0;
			defaultConfigurationName = Release;
		};
/* End XCConfigurationList section */
	};
	rootObject = 29B97313FDCFA39411CA2CEA /* Project object */;
}
